
Microsoft Visual Studio Solution File, Format Version 12.00
# Visual Studio Version 17
VisualStudioVersion = 17.4.33110.190
MinimumVisualStudioVersion = 10.0.40219.1
Project("{9A19103F-16F7-4668-BE54-9A1E7A4F7556}") = "OOP-Cong", "OOP-Cong.csproj", "{AD1ADDAA-B9AF-4754-B800-CEF406821D05}"
EndProject
Global
	GlobalSection(SolutionConfigurationPlatforms) = preSolution
		Debug|Any CPU = Debug|Any CPU
		Release|Any CPU = Release|Any CPU
	EndGlobalSection
	GlobalSection(ProjectConfigurationPlatforms) = postSolution
		{AD1ADDAA-B9AF-4754-B800-CEF406821D05}.Debug|Any CPU.ActiveCfg = Debug|Any CPU
		{AD1ADDAA-B9AF-4754-B800-CEF406821D05}.Debug|Any CPU.Build.0 = Debug|Any CPU
		{AD1ADDAA-B9AF-4754-B800-CEF406821D05}.Release|Any CPU.ActiveCfg = Release|Any CPU
		{AD1ADDAA-B9AF-4754-B800-CEF406821D05}.Release|Any CPU.Build.0 = Release|Any CPU
	EndGlobalSection
	GlobalSection(SolutionProperties) = preSolution
		HideSolutionNode = FALSE
	EndGlobalSection
	GlobalSection(ExtensibilityGlobals) = postSolution
		SolutionGuid = {72AA5EC0-EB45-461B-84A1-06A10F2CEE48}
	EndGlobalSection
EndGlobal
